// !$*UTF8*$!
{
	archiveVersion = 1;
	classes = {
	};
	objectVersion = 77;
	objects = {

/* Begin PBXBuildFile section */
		1178FE942D57787800F4897E /* Auth in Frameworks */ = {isa = PBXBuildFile; productRef = 1178FE932D57787800F4897E /* Auth */; };
		1178FE962D57787800F4897E /* Functions in Frameworks */ = {isa = PBXBuildFile; productRef = 1178FE952D57787800F4897E /* Functions */; };
		1178FE982D57787800F4897E /* PostgREST in Frameworks */ = {isa = PBXBuildFile; productRef = 1178FE972D57787800F4897E /* PostgREST */; };
		1178FE9A2D57787800F4897E /* Realtime in Frameworks */ = {isa = PBXBuildFile; productRef = 1178FE992D57787800F4897E /* Realtime */; };
		1178FE9C2D57787800F4897E /* Storage in Frameworks */ = {isa = PBXBuildFile; productRef = 1178FE9B2D57787800F4897E /* Storage */; };
		1178FEBD2D57793B00F4897E /* Supabase in Frameworks */ = {isa = PBXBuildFile; productRef = 1178FEBC2D57793B00F4897E /* Supabase */; };
		1178FEC52D58C03100F4897E /* FacebookBasics in Frameworks */ = {isa = PBXBuildFile; productRef = 1178FEC42D58C03100F4897E /* FacebookBasics */; };
		1178FEC72D58C03100F4897E /* FacebookLogin in Frameworks */ = {isa = PBXBuildFile; productRef = 1178FEC62D58C03100F4897E /* FacebookLogin */; };
/* End PBXBuildFile section */

/* Begin PBXContainerItemProxy section */
		1178FE6A2D576F0B00F4897E /* PBXContainerItemProxy */ = {
			isa = PBXContainerItemProxy;
			containerPortal = 1178FE4C2D576F0900F4897E /* Project object */;
			proxyType = 1;
			remoteGlobalIDString = 1178FE532D576F0A00F4897E;
			remoteInfo = run;
		};
		1178FE742D576F0B00F4897E /* PBXContainerItemProxy */ = {
			isa = PBXContainerItemProxy;
			containerPortal = 1178FE4C2D576F0900F4897E /* Project object */;
			proxyType = 1;
			remoteGlobalIDString = 1178FE532D576F0A00F4897E;
			remoteInfo = run;
		};
/* End PBXContainerItemProxy section */

/* Begin PBXFileReference section */
		1178FE542D576F0A00F4897E /* run.app */ = {isa = PBXFileReference; explicitFileType = wrapper.application; includeInIndex = 0; path = run.app; sourceTree = BUILT_PRODUCTS_DIR; };
		1178FE692D576F0B00F4897E /* runTests.xctest */ = {isa = PBXFileReference; explicitFileType = wrapper.cfbundle; includeInIndex = 0; path = runTests.xctest; sourceTree = BUILT_PRODUCTS_DIR; };
		1178FE732D576F0B00F4897E /* runUITests.xctest */ = {isa = PBXFileReference; explicitFileType = wrapper.cfbundle; includeInIndex = 0; path = runUITests.xctest; sourceTree = BUILT_PRODUCTS_DIR; };
/* End PBXFileReference section */

/* Begin PBXFileSystemSynchronizedBuildFileExceptionSet section */
		1178FE8A2D5772E500F4897E /* Exceptions for "run" folder in "run" target */ = {
			isa = PBXFileSystemSynchronizedBuildFileExceptionSet;
			membershipExceptions = (
				Info.plist,
			);
			target = 1178FE532D576F0A00F4897E /* run */;
		};
/* End PBXFileSystemSynchronizedBuildFileExceptionSet section */

/* Begin PBXFileSystemSynchronizedRootGroup section */
		1178FE562D576F0A00F4897E /* run */ = {
			isa = PBXFileSystemSynchronizedRootGroup;
			exceptions = (
				1178FE8A2D5772E500F4897E /* Exceptions for "run" folder in "run" target */,
			);
			path = run;
			sourceTree = "<group>";
		};
		1178FE6C2D576F0B00F4897E /* runTests */ = {
			isa = PBXFileSystemSynchronizedRootGroup;
			path = runTests;
			sourceTree = "<group>";
		};
		1178FE762D576F0B00F4897E /* runUITests */ = {
			isa = PBXFileSystemSynchronizedRootGroup;
			path = runUITests;
			sourceTree = "<group>";
		};
/* End PBXFileSystemSynchronizedRootGroup section */

/* Begin PBXFrameworksBuildPhase section */
		1178FE512D576F0A00F4897E /* Frameworks */ = {
			isa = PBXFrameworksBuildPhase;
			buildActionMask = 2147483647;
			files = (
				1178FEC72D58C03100F4897E /* FacebookLogin in Frameworks */,
				1178FEC52D58C03100F4897E /* FacebookBasics in Frameworks */,
				1178FE982D57787800F4897E /* PostgREST in Frameworks */,
				1178FE962D57787800F4897E /* Functions in Frameworks */,
				1178FEBD2D57793B00F4897E /* Supabase in Frameworks */,
				1178FE942D57787800F4897E /* Auth in Frameworks */,
				1178FE9C2D57787800F4897E /* Storage in Frameworks */,
				1178FE9A2D57787800F4897E /* Realtime in Frameworks */,
			);
			runOnlyForDeploymentPostprocessing = 0;
		};
		1178FE662D576F0B00F4897E /* Frameworks */ = {
			isa = PBXFrameworksBuildPhase;
			buildActionMask = 2147483647;
			files = (
			);
			runOnlyForDeploymentPostprocessing = 0;
		};
		1178FE702D576F0B00F4897E /* Frameworks */ = {
			isa = PBXFrameworksBuildPhase;
			buildActionMask = 2147483647;
			files = (
			);
			runOnlyForDeploymentPostprocessing = 0;
		};
/* End PBXFrameworksBuildPhase section */

/* Begin PBXGroup section */
		1178FE4B2D576F0900F4897E = {
			isa = PBXGroup;
			children = (
				1178FE562D576F0A00F4897E /* run */,
				1178FE6C2D576F0B00F4897E /* runTests */,
				1178FE762D576F0B00F4897E /* runUITests */,
				1178FE552D576F0A00F4897E /* Products */,
			);
			sourceTree = "<group>";
		};
		1178FE552D576F0A00F4897E /* Products */ = {
			isa = PBXGroup;
			children = (
				1178FE542D576F0A00F4897E /* run.app */,
				1178FE692D576F0B00F4897E /* runTests.xctest */,
				1178FE732D576F0B00F4897E /* runUITests.xctest */,
			);
			name = Products;
			sourceTree = "<group>";
		};
/* End PBXGroup section */

/* Begin PBXNativeTarget section */
		1178FE532D576F0A00F4897E /* run */ = {
			isa = PBXNativeTarget;
			buildConfigurationList = 1178FE7D2D576F0B00F4897E /* Build configuration list for PBXNativeTarget "run" */;
			buildPhases = (
				1178FE502D576F0A00F4897E /* Sources */,
				1178FE512D576F0A00F4897E /* Frameworks */,
				1178FE522D576F0A00F4897E /* Resources */,
			);
			buildRules = (
			);
			dependencies = (
			);
			fileSystemSynchronizedGroups = (
				1178FE562D576F0A00F4897E /* run */,
			);
			name = run;
			packageProductDependencies = (
				1178FE932D57787800F4897E /* Auth */,
				1178FE952D57787800F4897E /* Functions */,
				1178FE972D57787800F4897E /* PostgREST */,
				1178FE992D57787800F4897E /* Realtime */,
				1178FE9B2D57787800F4897E /* Storage */,
				1178FEBC2D57793B00F4897E /* Supabase */,
				1178FEC42D58C03100F4897E /* FacebookBasics */,
				1178FEC62D58C03100F4897E /* FacebookLogin */,
			);
			productName = run;
			productReference = 1178FE542D576F0A00F4897E /* run.app */;
			productType = "com.apple.product-type.application";
		};
		1178FE682D576F0B00F4897E /* runTests */ = {
			isa = PBXNativeTarget;
			buildConfigurationList = 1178FE802D576F0B00F4897E /* Build configuration list for PBXNativeTarget "runTests" */;
			buildPhases = (
				1178FE652D576F0B00F4897E /* Sources */,
				1178FE662D576F0B00F4897E /* Frameworks */,
				1178FE672D576F0B00F4897E /* Resources */,
			);
			buildRules = (
			);
			dependencies = (
				1178FE6B2D576F0B00F4897E /* PBXTargetDependency */,
			);
			fileSystemSynchronizedGroups = (
				1178FE6C2D576F0B00F4897E /* runTests */,
			);
			name = runTests;
			packageProductDependencies = (
			);
			productName = runTests;
			productReference = 1178FE692D576F0B00F4897E /* runTests.xctest */;
			productType = "com.apple.product-type.bundle.unit-test";
		};
		1178FE722D576F0B00F4897E /* runUITests */ = {
			isa = PBXNativeTarget;
			buildConfigurationList = 1178FE832D576F0B00F4897E /* Build configuration list for PBXNativeTarget "runUITests" */;
			buildPhases = (
				1178FE6F2D576F0B00F4897E /* Sources */,
				1178FE702D576F0B00F4897E /* Frameworks */,
				1178FE712D576F0B00F4897E /* Resources */,
			);
			buildRules = (
			);
			dependencies = (
				1178FE752D576F0B00F4897E /* PBXTargetDependency */,
			);
			fileSystemSynchronizedGroups = (
				1178FE762D576F0B00F4897E /* runUITests */,
			);
			name = runUITests;
			packageProductDependencies = (
			);
			productName = runUITests;
			productReference = 1178FE732D576F0B00F4897E /* runUITests.xctest */;
			productType = "com.apple.product-type.bundle.ui-testing";
		};
/* End PBXNativeTarget section */

/* Begin PBXProject section */
		1178FE4C2D576F0900F4897E /* Project object */ = {
			isa = PBXProject;
			attributes = {
				BuildIndependentTargetsInParallel = 1;
				LastSwiftUpdateCheck = 1620;
				LastUpgradeCheck = 1620;
				TargetAttributes = {
					1178FE532D576F0A00F4897E = {
						CreatedOnToolsVersion = 16.2;
					};
					1178FE682D576F0B00F4897E = {
						CreatedOnToolsVersion = 16.2;
						TestTargetID = 1178FE532D576F0A00F4897E;
					};
					1178FE722D576F0B00F4897E = {
						CreatedOnToolsVersion = 16.2;
						TestTargetID = 1178FE532D576F0A00F4897E;
					};
				};
			};
			buildConfigurationList = 1178FE4F2D576F0900F4897E /* Build configuration list for PBXProject "run" */;
			developmentRegion = en;
			hasScannedForEncodings = 0;
			knownRegions = (
				en,
				Base,
			);
			mainGroup = 1178FE4B2D576F0900F4897E;
			minimizedProjectReferenceProxies = 1;
			packageReferences = (
				1178FE922D57787800F4897E /* XCRemoteSwiftPackageReference "supabase-swift" */,
				1178FEC32D58C03100F4897E /* XCRemoteSwiftPackageReference "facebook-ios-sdk" */,
			);
			preferredProjectObjectVersion = 77;
			productRefGroup = 1178FE552D576F0A00F4897E /* Products */;
			projectDirPath = "";
			projectRoot = "";
			targets = (
				1178FE532D576F0A00F4897E /* run */,
				1178FE682D576F0B00F4897E /* runTests */,
				1178FE722D576F0B00F4897E /* runUITests */,
			);
		};
/* End PBXProject section */

/* Begin PBXResourcesBuildPhase section */
		1178FE522D576F0A00F4897E /* Resources */ = {
			isa = PBXResourcesBuildPhase;
			buildActionMask = 2147483647;
			files = (
			);
			runOnlyForDeploymentPostprocessing = 0;
		};
		1178FE672D576F0B00F4897E /* Resources */ = {
			isa = PBXResourcesBuildPhase;
			buildActionMask = 2147483647;
			files = (
			);
			runOnlyForDeploymentPostprocessing = 0;
		};
		1178FE712D576F0B00F4897E /* Resources */ = {
			isa = PBXResourcesBuildPhase;
			buildActionMask = 2147483647;
			files = (
			);
			runOnlyForDeploymentPostprocessing = 0;
		};
/* End PBXResourcesBuildPhase section */

/* Begin PBXSourcesBuildPhase section */
		1178FE502D576F0A00F4897E /* Sources */ = {
			isa = PBXSourcesBuildPhase;
			buildActionMask = 2147483647;
			files = (
			);
			runOnlyForDeploymentPostprocessing = 0;
		};
		1178FE652D576F0B00F4897E /* Sources */ = {
			isa = PBXSourcesBuildPhase;
			buildActionMask = 2147483647;
			files = (
			);
			runOnlyForDeploymentPostprocessing = 0;
		};
		1178FE6F2D576F0B00F4897E /* Sources */ = {
			isa = PBXSourcesBuildPhase;
			buildActionMask = 2147483647;
			files = (
			);
			runOnlyForDeploymentPostprocessing = 0;
		};
/* End PBXSourcesBuildPhase section */

/* Begin PBXTargetDependency section */
		1178FE6B2D576F0B00F4897E /* PBXTargetDependency */ = {
			isa = PBXTargetDependency;
			target = 1178FE532D576F0A00F4897E /* run */;
			targetProxy = 1178FE6A2D576F0B00F4897E /* PBXContainerItemProxy */;
		};
		1178FE752D576F0B00F4897E /* PBXTargetDependency */ = {
			isa = PBXTargetDependency;
			target = 1178FE532D576F0A00F4897E /* run */;
			targetProxy = 1178FE742D576F0B00F4897E /* PBXContainerItemProxy */;
		};
/* End PBXTargetDependency section */

/* Begin XCBuildConfiguration section */
		1178FE7B2D576F0B00F4897E /* Debug */ = {
			isa = XCBuildConfiguration;
			buildSettings = {
				ALWAYS_SEARCH_USER_PATHS = NO;
				ASSETCATALOG_COMPILER_GENERATE_SWIFT_ASSET_SYMBOL_EXTENSIONS = YES;
				CLANG_ANALYZER_NONNULL = YES;
				CLANG_ANALYZER_NUMBER_OBJECT_CONVERSION = YES_AGGRESSIVE;
				CLANG_CXX_LANGUAGE_STANDARD = "gnu++20";
				CLANG_ENABLE_MODULES = YES;
				CLANG_ENABLE_OBJC_ARC = YES;
				CLANG_ENABLE_OBJC_WEAK = YES;
				CLANG_WARN_BLOCK_CAPTURE_AUTORELEASING = YES;
				CLANG_WARN_BOOL_CONVERSION = YES;
				CLANG_WARN_COMMA = YES;
				CLANG_WARN_CONSTANT_CONVERSION = YES;
				CLANG_WARN_DEPRECATED_OBJC_IMPLEMENTATIONS = YES;
				CLANG_WARN_DIRECT_OBJC_ISA_USAGE = YES_ERROR;
				CLANG_WARN_DOCUMENTATION_COMMENTS = YES;
				CLANG_WARN_EMPTY_BODY = YES;
				CLANG_WARN_ENUM_CONVERSION = YES;
				CLANG_WARN_INFINITE_RECURSION = YES;
				CLANG_WARN_INT_CONVERSION = YES;
				CLANG_WARN_NON_LITERAL_NULL_CONVERSION = YES;
				CLANG_WARN_OBJC_IMPLICIT_RETAIN_SELF = YES;
				CLANG_WARN_OBJC_LITERAL_CONVERSION = YES;
				CLANG_WARN_OBJC_ROOT_CLASS = YES_ERROR;
				CLANG_WARN_QUOTED_INCLUDE_IN_FRAMEWORK_HEADER = YES;
				CLANG_WARN_RANGE_LOOP_ANALYSIS = YES;
				CLANG_WARN_STRICT_PROTOTYPES = YES;
				CLANG_WARN_SUSPICIOUS_MOVE = YES;
				CLANG_WARN_UNGUARDED_AVAILABILITY = YES_AGGRESSIVE;
				CLANG_WARN_UNREACHABLE_CODE = YES;
				CLANG_WARN__DUPLICATE_METHOD_MATCH = YES;
				COPY_PHASE_STRIP = NO;
				DEBUG_INFORMATION_FORMAT = dwarf;
				ENABLE_STRICT_OBJC_MSGSEND = YES;
				ENABLE_TESTABILITY = YES;
				ENABLE_USER_SCRIPT_SANDBOXING = YES;
				GCC_C_LANGUAGE_STANDARD = gnu17;
				GCC_DYNAMIC_NO_PIC = NO;
				GCC_NO_COMMON_BLOCKS = YES;
				GCC_OPTIMIZATION_LEVEL = 0;
				GCC_PREPROCESSOR_DEFINITIONS = (
					"DEBUG=1",
					"$(inherited)",
				);
				GCC_WARN_64_TO_32_BIT_CONVERSION = YES;
				GCC_WARN_ABOUT_RETURN_TYPE = YES_ERROR;
				GCC_WARN_UNDECLARED_SELECTOR = YES;
				GCC_WARN_UNINITIALIZED_AUTOS = YES_AGGRESSIVE;
				GCC_WARN_UNUSED_FUNCTION = YES;
				GCC_WARN_UNUSED_VARIABLE = YES;
				IPHONEOS_DEPLOYMENT_TARGET = 18.2;
				LOCALIZATION_PREFERS_STRING_CATALOGS = YES;
				MTL_ENABLE_DEBUG_INFO = INCLUDE_SOURCE;
				MTL_FAST_MATH = YES;
				ONLY_ACTIVE_ARCH = YES;
				SDKROOT = iphoneos;
				SWIFT_ACTIVE_COMPILATION_CONDITIONS = "DEBUG $(inherited)";
				SWIFT_OPTIMIZATION_LEVEL = "-Onone";
			};
			name = Debug;
		};
		1178FE7C2D576F0B00F4897E /* Release */ = {
			isa = XCBuildConfiguration;
			buildSettings = {
				ALWAYS_SEARCH_USER_PATHS = NO;
				ASSETCATALOG_COMPILER_GENERATE_SWIFT_ASSET_SYMBOL_EXTENSIONS = YES;
				CLANG_ANALYZER_NONNULL = YES;
				CLANG_ANALYZER_NUMBER_OBJECT_CONVERSION = YES_AGGRESSIVE;
				CLANG_CXX_LANGUAGE_STANDARD = "gnu++20";
				CLANG_ENABLE_MODULES = YES;
				CLANG_ENABLE_OBJC_ARC = YES;
				CLANG_ENABLE_OBJC_WEAK = YES;
				CLANG_WARN_BLOCK_CAPTURE_AUTORELEASING = YES;
				CLANG_WARN_BOOL_CONVERSION = YES;
				CLANG_WARN_COMMA = YES;
				CLANG_WARN_CONSTANT_CONVERSION = YES;
				CLANG_WARN_DEPRECATED_OBJC_IMPLEMENTATIONS = YES;
				CLANG_WARN_DIRECT_OBJC_ISA_USAGE = YES_ERROR;
				CLANG_WARN_DOCUMENTATION_COMMENTS = YES;
				CLANG_WARN_EMPTY_BODY = YES;
				CLANG_WARN_ENUM_CONVERSION = YES;
				CLANG_WARN_INFINITE_RECURSION = YES;
				CLANG_WARN_INT_CONVERSION = YES;
				CLANG_WARN_NON_LITERAL_NULL_CONVERSION = YES;
				CLANG_WARN_OBJC_IMPLICIT_RETAIN_SELF = YES;
				CLANG_WARN_OBJC_LITERAL_CONVERSION = YES;
				CLANG_WARN_OBJC_ROOT_CLASS = YES_ERROR;
				CLANG_WARN_QUOTED_INCLUDE_IN_FRAMEWORK_HEADER = YES;
				CLANG_WARN_RANGE_LOOP_ANALYSIS = YES;
				CLANG_WARN_STRICT_PROTOTYPES = YES;
				CLANG_WARN_SUSPICIOUS_MOVE = YES;
				CLANG_WARN_UNGUARDED_AVAILABILITY = YES_AGGRESSIVE;
				CLANG_WARN_UNREACHABLE_CODE = YES;
				CLANG_WARN__DUPLICATE_METHOD_MATCH = YES;
				COPY_PHASE_STRIP = NO;
				DEBUG_INFORMATION_FORMAT = "dwarf-with-dsym";
				ENABLE_NS_ASSERTIONS = NO;
				ENABLE_STRICT_OBJC_MSGSEND = YES;
				ENABLE_USER_SCRIPT_SANDBOXING = YES;
				GCC_C_LANGUAGE_STANDARD = gnu17;
				GCC_NO_COMMON_BLOCKS = YES;
				GCC_WARN_64_TO_32_BIT_CONVERSION = YES;
				GCC_WARN_ABOUT_RETURN_TYPE = YES_ERROR;
				GCC_WARN_UNDECLARED_SELECTOR = YES;
				GCC_WARN_UNINITIALIZED_AUTOS = YES_AGGRESSIVE;
				GCC_WARN_UNUSED_FUNCTION = YES;
				GCC_WARN_UNUSED_VARIABLE = YES;
				IPHONEOS_DEPLOYMENT_TARGET = 18.2;
				LOCALIZATION_PREFERS_STRING_CATALOGS = YES;
				MTL_ENABLE_DEBUG_INFO = NO;
				MTL_FAST_MATH = YES;
				SDKROOT = iphoneos;
				SWIFT_COMPILATION_MODE = wholemodule;
				VALIDATE_PRODUCT = YES;
			};
			name = Release;
		};
		1178FE7E2D576F0B00F4897E /* Debug */ = {
			isa = XCBuildConfiguration;
			buildSettings = {
				ASSETCATALOG_COMPILER_APPICON_NAME = AppIcon;
				ASSETCATALOG_COMPILER_GLOBAL_ACCENT_COLOR_NAME = AccentColor;
				CODE_SIGN_ENTITLEMENTS = run/run.entitlements;
				CODE_SIGN_STYLE = Automatic;
				CURRENT_PROJECT_VERSION = 1;
				DEVELOPMENT_ASSET_PATHS = "\"run/Preview Content\"";
				DEVELOPMENT_TEAM = BVRPEM43W7;
				ENABLE_PREVIEWS = YES;
				GENERATE_INFOPLIST_FILE = YES;
				INFOPLIST_FILE = run/Info.plist;
				INFOPLIST_KEY_NSBluetoothAlwaysUsageDescription = "";
				INFOPLIST_KEY_NSBluetoothPeripheralUsageDescription = "";
				INFOPLIST_KEY_NSHealthShareUsageDescription = "RunAI needs access to your workout and heart rate data to track your runs";
				INFOPLIST_KEY_NSHealthUpdateUsageDescription = "RunAI needs access to save your workout data";
				INFOPLIST_KEY_UIApplicationSceneManifest_Generation = YES;
				INFOPLIST_KEY_UIApplicationSupportsIndirectInputEvents = YES;
				INFOPLIST_KEY_UILaunchScreen_Generation = YES;
				INFOPLIST_KEY_UISupportedInterfaceOrientations_iPad = "UIInterfaceOrientationPortrait UIInterfaceOrientationPortraitUpsideDown UIInterfaceOrientationLandscapeLeft UIInterfaceOrientationLandscapeRight";
				INFOPLIST_KEY_UISupportedInterfaceOrientations_iPhone = "UIInterfaceOrientationPortrait UIInterfaceOrientationLandscapeLeft UIInterfaceOrientationLandscapeRight";
				LD_RUNPATH_SEARCH_PATHS = (
					"$(inherited)",
					"@executable_path/Frameworks",
				);
				MARKETING_VERSION = 1.0;
				PRODUCT_BUNDLE_IDENTIFIER = com.conorreid.run;
				PRODUCT_NAME = "$(TARGET_NAME)";
				SWIFT_EMIT_LOC_STRINGS = YES;
				SWIFT_VERSION = 5.0;
				TARGETED_DEVICE_FAMILY = "1,2";
			};
			name = Debug;
		};
		1178FE7F2D576F0B00F4897E /* Release */ = {
			isa = XCBuildConfiguration;
			buildSettings = {
				ASSETCATALOG_COMPILER_APPICON_NAME = AppIcon;
				ASSETCATALOG_COMPILER_GLOBAL_ACCENT_COLOR_NAME = AccentColor;
				CODE_SIGN_ENTITLEMENTS = run/run.entitlements;
				CODE_SIGN_STYLE = Automatic;
				CURRENT_PROJECT_VERSION = 1;
				DEVELOPMENT_ASSET_PATHS = "\"run/Preview Content\"";
				DEVELOPMENT_TEAM = BVRPEM43W7;
				ENABLE_PREVIEWS = YES;
				GENERATE_INFOPLIST_FILE = YES;
				INFOPLIST_FILE = run/Info.plist;
				INFOPLIST_KEY_NSBluetoothAlwaysUsageDescription = "";
				INFOPLIST_KEY_NSBluetoothPeripheralUsageDescription = "";
				INFOPLIST_KEY_NSHealthShareUsageDescription = "RunAI needs access to your workout and heart rate data to track your runs";
				INFOPLIST_KEY_NSHealthUpdateUsageDescription = "RunAI needs access to save your workout data";
				INFOPLIST_KEY_UIApplicationSceneManifest_Generation = YES;
				INFOPLIST_KEY_UIApplicationSupportsIndirectInputEvents = YES;
				INFOPLIST_KEY_UILaunchScreen_Generation = YES;
				INFOPLIST_KEY_UISupportedInterfaceOrientations_iPad = "UIInterfaceOrientationPortrait UIInterfaceOrientationPortraitUpsideDown UIInterfaceOrientationLandscapeLeft UIInterfaceOrientationLandscapeRight";
				INFOPLIST_KEY_UISupportedInterfaceOrientations_iPhone = "UIInterfaceOrientationPortrait UIInterfaceOrientationLandscapeLeft UIInterfaceOrientationLandscapeRight";
				LD_RUNPATH_SEARCH_PATHS = (
					"$(inherited)",
					"@executable_path/Frameworks",
				);
				MARKETING_VERSION = 1.0;
				PRODUCT_BUNDLE_IDENTIFIER = com.conorreid.run;
				PRODUCT_NAME = "$(TARGET_NAME)";
				SWIFT_EMIT_LOC_STRINGS = YES;
				SWIFT_VERSION = 5.0;
				TARGETED_DEVICE_FAMILY = "1,2";
			};
			name = Release;
		};
		1178FE812D576F0B00F4897E /* Debug */ = {
			isa = XCBuildConfiguration;
			buildSettings = {
				BUNDLE_LOADER = "$(TEST_HOST)";
				CODE_SIGN_STYLE = Automatic;
				CURRENT_PROJECT_VERSION = 1;
				DEVELOPMENT_TEAM = BVRPEM43W7;
				GENERATE_INFOPLIST_FILE = YES;
				IPHONEOS_DEPLOYMENT_TARGET = 18.2;
				MARKETING_VERSION = 1.0;
				PRODUCT_BUNDLE_IDENTIFIER = com.conorreid.runTests;
				PRODUCT_NAME = "$(TARGET_NAME)";
				SWIFT_EMIT_LOC_STRINGS = NO;
				SWIFT_VERSION = 5.0;
				TARGETED_DEVICE_FAMILY = "1,2";
				TEST_HOST = "$(BUILT_PRODUCTS_DIR)/run.app/$(BUNDLE_EXECUTABLE_FOLDER_PATH)/run";
			};
			name = Debug;
		};
		1178FE822D576F0B00F4897E /* Release */ = {
			isa = XCBuildConfiguration;
			buildSettings = {
				BUNDLE_LOADER = "$(TEST_HOST)";
				CODE_SIGN_STYLE = Automatic;
				CURRENT_PROJECT_VERSION = 1;
				DEVELOPMENT_TEAM = BVRPEM43W7;
				GENERATE_INFOPLIST_FILE = YES;
				IPHONEOS_DEPLOYMENT_TARGET = 18.2;
				MARKETING_VERSION = 1.0;
				PRODUCT_BUNDLE_IDENTIFIER = com.conorreid.runTests;
				PRODUCT_NAME = "$(TARGET_NAME)";
				SWIFT_EMIT_LOC_STRINGS = NO;
				SWIFT_VERSION = 5.0;
				TARGETED_DEVICE_FAMILY = "1,2";
				TEST_HOST = "$(BUILT_PRODUCTS_DIR)/run.app/$(BUNDLE_EXECUTABLE_FOLDER_PATH)/run";
			};
			name = Release;
		};
		1178FE842D576F0B00F4897E /* Debug */ = {
			isa = XCBuildConfiguration;
			buildSettings = {
				CODE_SIGN_STYLE = Automatic;
				CURRENT_PROJECT_VERSION = 1;
				DEVELOPMENT_TEAM = BVRPEM43W7;
				GENERATE_INFOPLIST_FILE = YES;
				MARKETING_VERSION = 1.0;
				PRODUCT_BUNDLE_IDENTIFIER = com.conorreid.runUITests;
				PRODUCT_NAME = "$(TARGET_NAME)";
				SWIFT_EMIT_LOC_STRINGS = NO;
				SWIFT_VERSION = 5.0;
				TARGETED_DEVICE_FAMILY = "1,2";
				TEST_TARGET_NAME = run;
			};
			name = Debug;
		};
		1178FE852D576F0B00F4897E /* Release */ = {
			isa = XCBuildConfiguration;
			buildSettings = {
				CODE_SIGN_STYLE = Automatic;
				CURRENT_PROJECT_VERSION = 1;
				DEVELOPMENT_TEAM = BVRPEM43W7;
				GENERATE_INFOPLIST_FILE = YES;
				MARKETING_VERSION = 1.0;
				PRODUCT_BUNDLE_IDENTIFIER = com.conorreid.runUITests;
				PRODUCT_NAME = "$(TARGET_NAME)";
				SWIFT_EMIT_LOC_STRINGS = NO;
				SWIFT_VERSION = 5.0;
				TARGETED_DEVICE_FAMILY = "1,2";
				TEST_TARGET_NAME = run;
			};
			name = Release;
		};
/* End XCBuildConfiguration section */

/* Begin XCConfigurationList section */
		1178FE4F2D576F0900F4897E /* Build configuration list for PBXProject "run" */ = {
			isa = XCConfigurationList;
			buildConfigurations = (
				1178FE7B2D576F0B00F4897E /* Debug */,
				1178FE7C2D576F0B00F4897E /* Release */,
			);
			defaultConfigurationIsVisible = 0;
			defaultConfigurationName = Release;
		};
		1178FE7D2D576F0B00F4897E /* Build configuration list for PBXNativeTarget "run" */ = {
			isa = XCConfigurationList;
			buildConfigurations = (
				1178FE7E2D576F0B00F4897E /* Debug */,
				1178FE7F2D576F0B00F4897E /* Release */,
			);
			defaultConfigurationIsVisible = 0;
			defaultConfigurationName = Release;
		};
		1178FE802D576F0B00F4897E /* Build configuration list for PBXNativeTarget "runTests" */ = {
			isa = XCConfigurationList;
			buildConfigurations = (
				1178FE812D576F0B00F4897E /* Debug */,
				1178FE822D576F0B00F4897E /* Release */,
			);
			defaultConfigurationIsVisible = 0;
			defaultConfigurationName = Release;
		};
		1178FE832D576F0B00F4897E /* Build configuration list for PBXNativeTarget "runUITests" */ = {
			isa = XCConfigurationList;
			buildConfigurations = (
				1178FE842D576F0B00F4897E /* Debug */,
				1178FE852D576F0B00F4897E /* Release */,
			);
			defaultConfigurationIsVisible = 0;
			defaultConfigurationName = Release;
		};
/* End XCConfigurationList section */

/* Begin XCRemoteSwiftPackageReference section */
		1178FE922D57787800F4897E /* XCRemoteSwiftPackageReference "supabase-swift" */ = {
			isa = XCRemoteSwiftPackageReference;
			repositoryURL = "https://github.com/supabase-community/supabase-swift.git";
			requirement = {
				kind = upToNextMajorVersion;
				minimumVersion = 2.5.1;
			};
		};
		1178FEC32D58C03100F4897E /* XCRemoteSwiftPackageReference "facebook-ios-sdk" */ = {
			isa = XCRemoteSwiftPackageReference;
			repositoryURL = "https://github.com/facebook/facebook-ios-sdk";
			requirement = {
				kind = upToNextMajorVersion;
				minimumVersion = 14.1.0;
			};
		};
/* End XCRemoteSwiftPackageReference section */

/* Begin XCSwiftPackageProductDependency section */
		1178FE932D57787800F4897E /* Auth */ = {
			isa = XCSwiftPackageProductDependency;
			package = 1178FE922D57787800F4897E /* XCRemoteSwiftPackageReference "supabase-swift" */;
			productName = Auth;
		};
		1178FE952D57787800F4897E /* Functions */ = {
			isa = XCSwiftPackageProductDependency;
			package = 1178FE922D57787800F4897E /* XCRemoteSwiftPackageReference "supabase-swift" */;
			productName = Functions;
		};
		1178FE972D57787800F4897E /* PostgREST */ = {
			isa = XCSwiftPackageProductDependency;
			package = 1178FE922D57787800F4897E /* XCRemoteSwiftPackageReference "supabase-swift" */;
			productName = PostgREST;
		};
		1178FE992D57787800F4897E /* Realtime */ = {
			isa = XCSwiftPackageProductDependency;
			package = 1178FE922D57787800F4897E /* XCRemoteSwiftPackageReference "supabase-swift" */;
			productName = Realtime;
		};
		1178FE9B2D57787800F4897E /* Storage */ = {
			isa = XCSwiftPackageProductDependency;
			package = 1178FE922D57787800F4897E /* XCRemoteSwiftPackageReference "supabase-swift" */;
			productName = Storage;
		};
		1178FEBC2D57793B00F4897E /* Supabase */ = {
			isa = XCSwiftPackageProductDependency;
			package = 1178FE922D57787800F4897E /* XCRemoteSwiftPackageReference "supabase-swift" */;
			productName = Supabase;
		};
		1178FEC42D58C03100F4897E /* FacebookBasics */ = {
			isa = XCSwiftPackageProductDependency;
			package = 1178FEC32D58C03100F4897E /* XCRemoteSwiftPackageReference "facebook-ios-sdk" */;
			productName = FacebookBasics;
		};
		1178FEC62D58C03100F4897E /* FacebookLogin */ = {
			isa = XCSwiftPackageProductDependency;
			package = 1178FEC32D58C03100F4897E /* XCRemoteSwiftPackageReference "facebook-ios-sdk" */;
			productName = FacebookLogin;
		};
/* End XCSwiftPackageProductDependency section */
	};
	rootObject = 1178FE4C2D576F0900F4897E /* Project object */;
}
